
Microsoft Visual Studio Solution File, Format Version 12.00
# Visual Studio Version 16
VisualStudioVersion = 16.0.30320.27
MinimumVisualStudioVersion = 10.0.40219.1
Project("{9A19103F-16F7-4668-BE54-9A1E7A4F7556}") = "UserService", "UserService\UserService.csproj", "{DA65DDA6-9019-41E3-A67A-16519F6B5E4E}"
EndProject
Project("{9A19103F-16F7-4668-BE54-9A1E7A4F7556}") = "APIGateway", "APIGateway\APIGateway.csproj", "{DC24C586-4539-4E17-A458-04AA77F95CA5}"
EndProject
Project("{FAE04EC0-301F-11D3-BF4B-00C04F79EFBC}") = "LostItemsService", "LostItemsService\LostItemsService.csproj", "{8689D8ED-9153-4B47-8DB4-65C774D0A798}"
EndProject
Project("{FAE04EC0-301F-11D3-BF4B-00C04F79EFBC}") = "FoundItemsService", "FoundItemsService\FoundItemsService.csproj", "{4FE1DE44-F311-4F09-A0B0-76D104B463E8}"
EndProject
Global
	GlobalSection(SolutionConfigurationPlatforms) = preSolution
		Debug|Any CPU = Debug|Any CPU
		Release|Any CPU = Release|Any CPU
	EndGlobalSection
	GlobalSection(ProjectConfigurationPlatforms) = postSolution
		{DA65DDA6-9019-41E3-A67A-16519F6B5E4E}.Debug|Any CPU.ActiveCfg = Debug|Any CPU
		{DA65DDA6-9019-41E3-A67A-16519F6B5E4E}.Debug|Any CPU.Build.0 = Debug|Any CPU
		{DA65DDA6-9019-41E3-A67A-16519F6B5E4E}.Release|Any CPU.ActiveCfg = Release|Any CPU
		{DA65DDA6-9019-41E3-A67A-16519F6B5E4E}.Release|Any CPU.Build.0 = Release|Any CPU
		{DC24C586-4539-4E17-A458-04AA77F95CA5}.Debug|Any CPU.ActiveCfg = Debug|Any CPU
		{DC24C586-4539-4E17-A458-04AA77F95CA5}.Debug|Any CPU.Build.0 = Debug|Any CPU
		{DC24C586-4539-4E17-A458-04AA77F95CA5}.Release|Any CPU.ActiveCfg = Release|Any CPU
		{DC24C586-4539-4E17-A458-04AA77F95CA5}.Release|Any CPU.Build.0 = Release|Any CPU
		{8689D8ED-9153-4B47-8DB4-65C774D0A798}.Debug|Any CPU.ActiveCfg = Debug|Any CPU
		{8689D8ED-9153-4B47-8DB4-65C774D0A798}.Debug|Any CPU.Build.0 = Debug|Any CPU
		{8689D8ED-9153-4B47-8DB4-65C774D0A798}.Release|Any CPU.ActiveCfg = Release|Any CPU
		{8689D8ED-9153-4B47-8DB4-65C774D0A798}.Release|Any CPU.Build.0 = Release|Any CPU
		{4FE1DE44-F311-4F09-A0B0-76D104B463E8}.Debug|Any CPU.ActiveCfg = Debug|Any CPU
		{4FE1DE44-F311-4F09-A0B0-76D104B463E8}.Debug|Any CPU.Build.0 = Debug|Any CPU
		{4FE1DE44-F311-4F09-A0B0-76D104B463E8}.Release|Any CPU.ActiveCfg = Release|Any CPU
		{4FE1DE44-F311-4F09-A0B0-76D104B463E8}.Release|Any CPU.Build.0 = Release|Any CPU
	EndGlobalSection
	GlobalSection(SolutionProperties) = preSolution
		HideSolutionNode = FALSE
	EndGlobalSection
	GlobalSection(ExtensibilityGlobals) = postSolution
		SolutionGuid = {8C03A3F5-60FF-4D54-9A4A-5FA3129425D4}
	EndGlobalSection
EndGlobal
